// !$*UTF8*$!
{
	archiveVersion = 1;
	classes = {
	};
	objectVersion = 55;
	objects = {

/* Begin PBXBuildFile section */
		03AF6D02361D1DA0C3185C75 /* Pods_AI_read.framework in Frameworks */ = {isa = PBXBuildFile; fileRef = 57487436FC4761F52462B077 /* Pods_AI_read.framework */; };
		09187B0527223BD900C3744D /* AppDelegate.swift in Sources */ = {isa = PBXBuildFile; fileRef = 09187B0427223BD900C3744D /* AppDelegate.swift */; };
		09187B0727223BD900C3744D /* SceneDelegate.swift in Sources */ = {isa = PBXBuildFile; fileRef = 09187B0627223BD900C3744D /* SceneDelegate.swift */; };
		09187B0927223BD900C3744D /* ViewController.swift in Sources */ = {isa = PBXBuildFile; fileRef = 09187B0827223BD900C3744D /* ViewController.swift */; };
		09187B0C27223BD900C3744D /* Main.storyboard in Resources */ = {isa = PBXBuildFile; fileRef = 09187B0A27223BD900C3744D /* Main.storyboard */; };
		09187B0E27223BDA00C3744D /* Assets.xcassets in Resources */ = {isa = PBXBuildFile; fileRef = 09187B0D27223BDA00C3744D /* Assets.xcassets */; };
		09187B1127223BDA00C3744D /* LaunchScreen.storyboard in Resources */ = {isa = PBXBuildFile; fileRef = 09187B0F27223BDA00C3744D /* LaunchScreen.storyboard */; };
		09187B192722436200C3744D /* AIread_splush_256.png in Resources */ = {isa = PBXBuildFile; fileRef = 09187B182722436200C3744D /* AIread_splush_256.png */; };
		09187B1B272255F700C3744D /* HomeViewController.swift in Sources */ = {isa = PBXBuildFile; fileRef = 09187B1A272255F700C3744D /* HomeViewController.swift */; };
		09187B21272256C400C3744D /* PostViewController.swift in Sources */ = {isa = PBXBuildFile; fileRef = 09187B20272256C400C3744D /* PostViewController.swift */; };
/* End PBXBuildFile section */

/* Begin PBXFileReference section */
		09187B0127223BD900C3744D /* AI read.app */ = {isa = PBXFileReference; explicitFileType = wrapper.application; includeInIndex = 0; path = "AI read.app"; sourceTree = BUILT_PRODUCTS_DIR; };
		09187B0427223BD900C3744D /* AppDelegate.swift */ = {isa = PBXFileReference; lastKnownFileType = sourcecode.swift; path = AppDelegate.swift; sourceTree = "<group>"; };
		09187B0627223BD900C3744D /* SceneDelegate.swift */ = {isa = PBXFileReference; lastKnownFileType = sourcecode.swift; path = SceneDelegate.swift; sourceTree = "<group>"; };
		09187B0827223BD900C3744D /* ViewController.swift */ = {isa = PBXFileReference; lastKnownFileType = sourcecode.swift; path = ViewController.swift; sourceTree = "<group>"; };
		09187B0B27223BD900C3744D /* Base */ = {isa = PBXFileReference; lastKnownFileType = file.storyboard; name = Base; path = Base.lproj/Main.storyboard; sourceTree = "<group>"; };
		09187B0D27223BDA00C3744D /* Assets.xcassets */ = {isa = PBXFileReference; lastKnownFileType = folder.assetcatalog; path = Assets.xcassets; sourceTree = "<group>"; };
		09187B1027223BDA00C3744D /* Base */ = {isa = PBXFileReference; lastKnownFileType = file.storyboard; name = Base; path = Base.lproj/LaunchScreen.storyboard; sourceTree = "<group>"; };
		09187B1227223BDA00C3744D /* Info.plist */ = {isa = PBXFileReference; lastKnownFileType = text.plist.xml; path = Info.plist; sourceTree = "<group>"; };
		09187B182722436200C3744D /* AIread_splush_256.png */ = {isa = PBXFileReference; lastKnownFileType = image.png; path = AIread_splush_256.png; sourceTree = "<group>"; };
		09187B1A272255F700C3744D /* HomeViewController.swift */ = {isa = PBXFileReference; lastKnownFileType = sourcecode.swift; path = HomeViewController.swift; sourceTree = "<group>"; };
		09187B20272256C400C3744D /* PostViewController.swift */ = {isa = PBXFileReference; lastKnownFileType = sourcecode.swift; path = PostViewController.swift; sourceTree = "<group>"; };
		32EADE289093FB568C697323 /* Pods-AI read.debug.xcconfig */ = {isa = PBXFileReference; includeInIndex = 1; lastKnownFileType = text.xcconfig; name = "Pods-AI read.debug.xcconfig"; path = "Target Support Files/Pods-AI read/Pods-AI read.debug.xcconfig"; sourceTree = "<group>"; };
		57487436FC4761F52462B077 /* Pods_AI_read.framework */ = {isa = PBXFileReference; explicitFileType = wrapper.framework; includeInIndex = 0; path = Pods_AI_read.framework; sourceTree = BUILT_PRODUCTS_DIR; };
		BC92FA0ADE83A641D1D87383 /* Pods-AI read.release.xcconfig */ = {isa = PBXFileReference; includeInIndex = 1; lastKnownFileType = text.xcconfig; name = "Pods-AI read.release.xcconfig"; path = "Target Support Files/Pods-AI read/Pods-AI read.release.xcconfig"; sourceTree = "<group>"; };
/* End PBXFileReference section */

/* Begin PBXFrameworksBuildPhase section */
		09187AFE27223BD900C3744D /* Frameworks */ = {
			isa = PBXFrameworksBuildPhase;
			buildActionMask = 2147483647;
			files = (
				03AF6D02361D1DA0C3185C75 /* Pods_AI_read.framework in Frameworks */,
			);
			runOnlyForDeploymentPostprocessing = 0;
		};
/* End PBXFrameworksBuildPhase section */

/* Begin PBXGroup section */
		09187AF827223BD900C3744D = {
			isa = PBXGroup;
			children = (
				09187B0327223BD900C3744D /* AI read */,
				09187B0227223BD900C3744D /* Products */,
				4F3662BF13FC3F7CC8B73E1E /* Pods */,
				2C268815F2F7EF37EBEA92FF /* Frameworks */,
			);
			sourceTree = "<group>";
		};
		09187B0227223BD900C3744D /* Products */ = {
			isa = PBXGroup;
			children = (
				09187B0127223BD900C3744D /* AI read.app */,
			);
			name = Products;
			sourceTree = "<group>";
		};
		09187B0327223BD900C3744D /* AI read */ = {
			isa = PBXGroup;
			children = (
				09187B0427223BD900C3744D /* AppDelegate.swift */,
				09187B0627223BD900C3744D /* SceneDelegate.swift */,
				09187B0827223BD900C3744D /* ViewController.swift */,
				09187B1A272255F700C3744D /* HomeViewController.swift */,
				09187B20272256C400C3744D /* PostViewController.swift */,
				09187B0A27223BD900C3744D /* Main.storyboard */,
				09187B0D27223BDA00C3744D /* Assets.xcassets */,
				09187B0F27223BDA00C3744D /* LaunchScreen.storyboard */,
				09187B182722436200C3744D /* AIread_splush_256.png */,
				09187B1227223BDA00C3744D /* Info.plist */,
			);
			path = "AI read";
			sourceTree = "<group>";
		};
		2C268815F2F7EF37EBEA92FF /* Frameworks */ = {
			isa = PBXGroup;
			children = (
				57487436FC4761F52462B077 /* Pods_AI_read.framework */,
			);
			name = Frameworks;
			sourceTree = "<group>";
		};
		4F3662BF13FC3F7CC8B73E1E /* Pods */ = {
			isa = PBXGroup;
			children = (
				32EADE289093FB568C697323 /* Pods-AI read.debug.xcconfig */,
				BC92FA0ADE83A641D1D87383 /* Pods-AI read.release.xcconfig */,
			);
			path = Pods;
			sourceTree = "<group>";
		};
/* End PBXGroup section */

/* Begin PBXNativeTarget section */
		09187B0027223BD900C3744D /* AI read */ = {
			isa = PBXNativeTarget;
			buildConfigurationList = 09187B1527223BDA00C3744D /* Build configuration list for PBXNativeTarget "AI read" */;
			buildPhases = (
				7064BC2E993D7253F9F1196D /* [CP] Check Pods Manifest.lock */,
				09187AFD27223BD900C3744D /* Sources */,
				09187AFE27223BD900C3744D /* Frameworks */,
				09187AFF27223BD900C3744D /* Resources */,
				96F510E777DBD9524E0F7B49 /* [CP] Embed Pods Frameworks */,
			);
			buildRules = (
			);
			dependencies = (
			);
			name = "AI read";
			productName = "AI read";
			productReference = 09187B0127223BD900C3744D /* AI read.app */;
			productType = "com.apple.product-type.application";
		};
/* End PBXNativeTarget section */

/* Begin PBXProject section */
		09187AF927223BD900C3744D /* Project object */ = {
			isa = PBXProject;
			attributes = {
				BuildIndependentTargetsInParallel = 1;
				LastSwiftUpdateCheck = 1300;
				LastUpgradeCheck = 1300;
				TargetAttributes = {
					09187B0027223BD900C3744D = {
						CreatedOnToolsVersion = 13.0;
					};
				};
			};
			buildConfigurationList = 09187AFC27223BD900C3744D /* Build configuration list for PBXProject "AI read" */;
			compatibilityVersion = "Xcode 13.0";
			developmentRegion = en;
			hasScannedForEncodings = 0;
			knownRegions = (
				en,
				Base,
			);
			mainGroup = 09187AF827223BD900C3744D;
			productRefGroup = 09187B0227223BD900C3744D /* Products */;
			projectDirPath = "";
			projectRoot = "";
			targets = (
				09187B0027223BD900C3744D /* AI read */,
			);
		};
/* End PBXProject section */

/* Begin PBXResourcesBuildPhase section */
		09187AFF27223BD900C3744D /* Resources */ = {
			isa = PBXResourcesBuildPhase;
			buildActionMask = 2147483647;
			files = (
				09187B192722436200C3744D /* AIread_splush_256.png in Resources */,
				09187B1127223BDA00C3744D /* LaunchScreen.storyboard in Resources */,
				09187B0E27223BDA00C3744D /* Assets.xcassets in Resources */,
				09187B0C27223BD900C3744D /* Main.storyboard in Resources */,
			);
			runOnlyForDeploymentPostprocessing = 0;
		};
/* End PBXResourcesBuildPhase section */

/* Begin PBXShellScriptBuildPhase section */
		7064BC2E993D7253F9F1196D /* [CP] Check Pods Manifest.lock */ = {
			isa = PBXShellScriptBuildPhase;
			buildActionMask = 2147483647;
			files = (
			);
			inputFileListPaths = (
			);
			inputPaths = (
				"${PODS_PODFILE_DIR_PATH}/Podfile.lock",
				"${PODS_ROOT}/Manifest.lock",
			);
			name = "[CP] Check Pods Manifest.lock";
			outputFileListPaths = (
			);
			outputPaths = (
				"$(DERIVED_FILE_DIR)/Pods-AI read-checkManifestLockResult.txt",
			);
			runOnlyForDeploymentPostprocessing = 0;
			shellPath = /bin/sh;
			shellScript = "diff \"${PODS_PODFILE_DIR_PATH}/Podfile.lock\" \"${PODS_ROOT}/Manifest.lock\" > /dev/null\nif [ $? != 0 ] ; then\n    # print error to STDERR\n    echo \"error: The sandbox is not in sync with the Podfile.lock. Run 'pod install' or update your CocoaPods installation.\" >&2\n    exit 1\nfi\n# This output is used by Xcode 'outputs' to avoid re-running this script phase.\necho \"SUCCESS\" > \"${SCRIPT_OUTPUT_FILE_0}\"\n";
			showEnvVarsInLog = 0;
		};
		96F510E777DBD9524E0F7B49 /* [CP] Embed Pods Frameworks */ = {
			isa = PBXShellScriptBuildPhase;
			buildActionMask = 2147483647;
			files = (
			);
			inputFileListPaths = (
				"${PODS_ROOT}/Target Support Files/Pods-AI read/Pods-AI read-frameworks-${CONFIGURATION}-input-files.xcfilelist",
			);
			name = "[CP] Embed Pods Frameworks";
			outputFileListPaths = (
				"${PODS_ROOT}/Target Support Files/Pods-AI read/Pods-AI read-frameworks-${CONFIGURATION}-output-files.xcfilelist",
			);
			runOnlyForDeploymentPostprocessing = 0;
			shellPath = /bin/sh;
			shellScript = "\"${PODS_ROOT}/Target Support Files/Pods-AI read/Pods-AI read-frameworks.sh\"\n";
			showEnvVarsInLog = 0;
		};
/* End PBXShellScriptBuildPhase section */

/* Begin PBXSourcesBuildPhase section */
		09187AFD27223BD900C3744D /* Sources */ = {
			isa = PBXSourcesBuildPhase;
			buildActionMask = 2147483647;
			files = (
				09187B21272256C400C3744D /* PostViewController.swift in Sources */,
				09187B0927223BD900C3744D /* ViewController.swift in Sources */,
				09187B0527223BD900C3744D /* AppDelegate.swift in Sources */,
				09187B0727223BD900C3744D /* SceneDelegate.swift in Sources */,
				09187B1B272255F700C3744D /* HomeViewController.swift in Sources */,
			);
			runOnlyForDeploymentPostprocessing = 0;
		};
/* End PBXSourcesBuildPhase section */

/* Begin PBXVariantGroup section */
		09187B0A27223BD900C3744D /* Main.storyboard */ = {
			isa = PBXVariantGroup;
			children = (
				09187B0B27223BD900C3744D /* Base */,
			);
			name = Main.storyboard;
			sourceTree = "<group>";
		};
		09187B0F27223BDA00C3744D /* LaunchScreen.storyboard */ = {
			isa = PBXVariantGroup;
			children = (
				09187B1027223BDA00C3744D /* Base */,
			);
			name = LaunchScreen.storyboard;
			sourceTree = "<group>";
		};
/* End PBXVariantGroup section */

/* Begin XCBuildConfiguration section */
		09187B1327223BDA00C3744D /* Debug */ = {
			isa = XCBuildConfiguration;
			buildSettings = {
				ALWAYS_SEARCH_USER_PATHS = NO;
				CLANG_ANALYZER_NONNULL = YES;
				CLANG_ANALYZER_NUMBER_OBJECT_CONVERSION = YES_AGGRESSIVE;
				CLANG_CXX_LANGUAGE_STANDARD = "gnu++17";
				CLANG_CXX_LIBRARY = "libc++";
				CLANG_ENABLE_MODULES = YES;
				CLANG_ENABLE_OBJC_ARC = YES;
				CLANG_ENABLE_OBJC_WEAK = YES;
				CLANG_WARN_BLOCK_CAPTURE_AUTORELEASING = YES;
				CLANG_WARN_BOOL_CONVERSION = YES;
				CLANG_WARN_COMMA = YES;
				CLANG_WARN_CONSTANT_CONVERSION = YES;
				CLANG_WARN_DEPRECATED_OBJC_IMPLEMENTATIONS = YES;
				CLANG_WARN_DIRECT_OBJC_ISA_USAGE = YES_ERROR;
				CLANG_WARN_DOCUMENTATION_COMMENTS = YES;
				CLANG_WARN_EMPTY_BODY = YES;
				CLANG_WARN_ENUM_CONVERSION = YES;
				CLANG_WARN_INFINITE_RECURSION = YES;
				CLANG_WARN_INT_CONVERSION = YES;
				CLANG_WARN_NON_LITERAL_NULL_CONVERSION = YES;
				CLANG_WARN_OBJC_IMPLICIT_RETAIN_SELF = YES;
				CLANG_WARN_OBJC_LITERAL_CONVERSION = YES;
				CLANG_WARN_OBJC_ROOT_CLASS = YES_ERROR;
				CLANG_WARN_QUOTED_INCLUDE_IN_FRAMEWORK_HEADER = YES;
				CLANG_WARN_RANGE_LOOP_ANALYSIS = YES;
				CLANG_WARN_STRICT_PROTOTYPES = YES;
				CLANG_WARN_SUSPICIOUS_MOVE = YES;
				CLANG_WARN_UNGUARDED_AVAILABILITY = YES_AGGRESSIVE;
				CLANG_WARN_UNREACHABLE_CODE = YES;
				CLANG_WARN__DUPLICATE_METHOD_MATCH = YES;
				COPY_PHASE_STRIP = NO;
				DEBUG_INFORMATION_FORMAT = dwarf;
				ENABLE_STRICT_OBJC_MSGSEND = YES;
				ENABLE_TESTABILITY = YES;
				GCC_C_LANGUAGE_STANDARD = gnu11;
				GCC_DYNAMIC_NO_PIC = NO;
				GCC_NO_COMMON_BLOCKS = YES;
				GCC_OPTIMIZATION_LEVEL = 0;
				GCC_PREPROCESSOR_DEFINITIONS = (
					"DEBUG=1",
					"$(inherited)",
				);
				GCC_WARN_64_TO_32_BIT_CONVERSION = YES;
				GCC_WARN_ABOUT_RETURN_TYPE = YES_ERROR;
				GCC_WARN_UNDECLARED_SELECTOR = YES;
				GCC_WARN_UNINITIALIZED_AUTOS = YES_AGGRESSIVE;
				GCC_WARN_UNUSED_FUNCTION = YES;
				GCC_WARN_UNUSED_VARIABLE = YES;
				IPHONEOS_DEPLOYMENT_TARGET = 15.0;
				MTL_ENABLE_DEBUG_INFO = INCLUDE_SOURCE;
				MTL_FAST_MATH = YES;
				ONLY_ACTIVE_ARCH = YES;
				SDKROOT = iphoneos;
				SWIFT_ACTIVE_COMPILATION_CONDITIONS = DEBUG;
				SWIFT_OPTIMIZATION_LEVEL = "-Onone";
			};
			name = Debug;
		};
		09187B1427223BDA00C3744D /* Release */ = {
			isa = XCBuildConfiguration;
			buildSettings = {
				ALWAYS_SEARCH_USER_PATHS = NO;
				CLANG_ANALYZER_NONNULL = YES;
				CLANG_ANALYZER_NUMBER_OBJECT_CONVERSION = YES_AGGRESSIVE;
				CLANG_CXX_LANGUAGE_STANDARD = "gnu++17";
				CLANG_CXX_LIBRARY = "libc++";
				CLANG_ENABLE_MODULES = YES;
				CLANG_ENABLE_OBJC_ARC = YES;
				CLANG_ENABLE_OBJC_WEAK = YES;
				CLANG_WARN_BLOCK_CAPTURE_AUTORELEASING = YES;
				CLANG_WARN_BOOL_CONVERSION = YES;
				CLANG_WARN_COMMA = YES;
				CLANG_WARN_CONSTANT_CONVERSION = YES;
				CLANG_WARN_DEPRECATED_OBJC_IMPLEMENTATIONS = YES;
				CLANG_WARN_DIRECT_OBJC_ISA_USAGE = YES_ERROR;
				CLANG_WARN_DOCUMENTATION_COMMENTS = YES;
				CLANG_WARN_EMPTY_BODY = YES;
				CLANG_WARN_ENUM_CONVERSION = YES;
				CLANG_WARN_INFINITE_RECURSION = YES;
				CLANG_WARN_INT_CONVERSION = YES;
				CLANG_WARN_NON_LITERAL_NULL_CONVERSION = YES;
				CLANG_WARN_OBJC_IMPLICIT_RETAIN_SELF = YES;
				CLANG_WARN_OBJC_LITERAL_CONVERSION = YES;
				CLANG_WARN_OBJC_ROOT_CLASS = YES_ERROR;
				CLANG_WARN_QUOTED_INCLUDE_IN_FRAMEWORK_HEADER = YES;
				CLANG_WARN_RANGE_LOOP_ANALYSIS = YES;
				CLANG_WARN_STRICT_PROTOTYPES = YES;
				CLANG_WARN_SUSPICIOUS_MOVE = YES;
				CLANG_WARN_UNGUARDED_AVAILABILITY = YES_AGGRESSIVE;
				CLANG_WARN_UNREACHABLE_CODE = YES;
				CLANG_WARN__DUPLICATE_METHOD_MATCH = YES;
				COPY_PHASE_STRIP = NO;
				DEBUG_INFORMATION_FORMAT = "dwarf-with-dsym";
				ENABLE_NS_ASSERTIONS = NO;
				ENABLE_STRICT_OBJC_MSGSEND = YES;
				GCC_C_LANGUAGE_STANDARD = gnu11;
				GCC_NO_COMMON_BLOCKS = YES;
				GCC_WARN_64_TO_32_BIT_CONVERSION = YES;
				GCC_WARN_ABOUT_RETURN_TYPE = YES_ERROR;
				GCC_WARN_UNDECLARED_SELECTOR = YES;
				GCC_WARN_UNINITIALIZED_AUTOS = YES_AGGRESSIVE;
				GCC_WARN_UNUSED_FUNCTION = YES;
				GCC_WARN_UNUSED_VARIABLE = YES;
				IPHONEOS_DEPLOYMENT_TARGET = 15.0;
				MTL_ENABLE_DEBUG_INFO = NO;
				MTL_FAST_MATH = YES;
				SDKROOT = iphoneos;
				SWIFT_COMPILATION_MODE = wholemodule;
				SWIFT_OPTIMIZATION_LEVEL = "-O";
				VALIDATE_PRODUCT = YES;
			};
			name = Release;
		};
		09187B1627223BDA00C3744D /* Debug */ = {
			isa = XCBuildConfiguration;
			baseConfigurationReference = 32EADE289093FB568C697323 /* Pods-AI read.debug.xcconfig */;
			buildSettings = {
				ASSETCATALOG_COMPILER_APPICON_NAME = AppIcon;
				ASSETCATALOG_COMPILER_GLOBAL_ACCENT_COLOR_NAME = AccentColor;
				CODE_SIGN_IDENTITY = "iPhone Distribution: NESPE CO.,LTD. (MTP32AE7U9)";
				CODE_SIGN_STYLE = Manual;
				CURRENT_PROJECT_VERSION = 1;
				DEVELOPMENT_TEAM = MTP32AE7U9;
				GENERATE_INFOPLIST_FILE = YES;
				INFOPLIST_FILE = "AI read/Info.plist";
				INFOPLIST_KEY_CFBundleDisplayName = "AI read";
				INFOPLIST_KEY_NSCameraUsageDescription = "本アプリは、画像の投稿及び編集のため、カメラの使用許可を求めます。";
				INFOPLIST_KEY_NSLocalNetworkUsageDescription = "本アプリは、画像および文字認識結果の収集のため、ネットワークの使用許可を求めます。";
				INFOPLIST_KEY_NSPhotoLibraryUsageDescription = "本アプリは、画像の投稿及び編集のため、ライブラリへの保存許可を求めます。";
				INFOPLIST_KEY_UIApplicationSupportsIndirectInputEvents = YES;
				INFOPLIST_KEY_UILaunchStoryboardName = LaunchScreen;
				INFOPLIST_KEY_UIMainStoryboardFile = Main;
				INFOPLIST_KEY_UISupportedInterfaceOrientations = UIInterfaceOrientationPortrait;
				INFOPLIST_KEY_UISupportedInterfaceOrientations_iPad = "UIInterfaceOrientationPortrait UIInterfaceOrientationPortraitUpsideDown UIInterfaceOrientationLandscapeLeft UIInterfaceOrientationLandscapeRight";
				INFOPLIST_KEY_UISupportedInterfaceOrientations_iPhone = "UIInterfaceOrientationPortrait UIInterfaceOrientationLandscapeLeft UIInterfaceOrientationLandscapeRight";
				IPHONEOS_DEPLOYMENT_TARGET = 14.0;
				LD_RUNPATH_SEARCH_PATHS = (
					"$(inherited)",
					"@executable_path/Frameworks",
				);
				MARKETING_VERSION = 1.0;
				PRODUCT_BUNDLE_IDENTIFIER = "com.nespe.AI-read";
				PRODUCT_NAME = "$(TARGET_NAME)";
				PROVISIONING_PROFILE_SPECIFIER = AIread_AdHoc_Profile;
				SWIFT_EMIT_LOC_STRINGS = YES;
				SWIFT_VERSION = 5.0;
				TARGETED_DEVICE_FAMILY = 1;
			};
			name = Debug;
		};
		09187B1727223BDA00C3744D /* Release */ = {
			isa = XCBuildConfiguration;
			baseConfigurationReference = BC92FA0ADE83A641D1D87383 /* Pods-AI read.release.xcconfig */;
			buildSettings = {
				ASSETCATALOG_COMPILER_APPICON_NAME = AppIcon;
				ASSETCATALOG_COMPILER_GLOBAL_ACCENT_COLOR_NAME = AccentColor;
				CODE_SIGN_IDENTITY = "iPhone Distribution: NESPE CO.,LTD. (MTP32AE7U9)";
				CODE_SIGN_STYLE = Manual;
				CURRENT_PROJECT_VERSION = 1;
				DEVELOPMENT_TEAM = MTP32AE7U9;
				GENERATE_INFOPLIST_FILE = YES;
				INFOPLIST_FILE = "AI read/Info.plist";
				INFOPLIST_KEY_CFBundleDisplayName = "AI read";
				INFOPLIST_KEY_NSCameraUsageDescription = "本アプリは、画像の投稿及び編集のため、カメラの使用許可を求めます。";
				INFOPLIST_KEY_NSLocalNetworkUsageDescription = "本アプリは、画像および文字認識結果の収集のため、ネットワークの使用許可を求めます。";
				INFOPLIST_KEY_NSPhotoLibraryUsageDescription = "本アプリは、画像の投稿及び編集のため、ライブラリへの保存許可を求めます。";
				INFOPLIST_KEY_UIApplicationSupportsIndirectInputEvents = YES;
				INFOPLIST_KEY_UILaunchStoryboardName = LaunchScreen;
				INFOPLIST_KEY_UIMainStoryboardFile = Main;
				INFOPLIST_KEY_UISupportedInterfaceOrientations = UIInterfaceOrientationPortrait;
				INFOPLIST_KEY_UISupportedInterfaceOrientations_iPad = "UIInterfaceOrientationPortrait UIInterfaceOrientationPortraitUpsideDown UIInterfaceOrientationLandscapeLeft UIInterfaceOrientationLandscapeRight";
				INFOPLIST_KEY_UISupportedInterfaceOrientations_iPhone = "UIInterfaceOrientationPortrait UIInterfaceOrientationLandscapeLeft UIInterfaceOrientationLandscapeRight";
				IPHONEOS_DEPLOYMENT_TARGET = 14.0;
				LD_RUNPATH_SEARCH_PATHS = (
					"$(inherited)",
					"@executable_path/Frameworks",
				);
				MARKETING_VERSION = 1.0;
				PRODUCT_BUNDLE_IDENTIFIER = "com.nespe.AI-read";
				PRODUCT_NAME = "$(TARGET_NAME)";
				PROVISIONING_PROFILE_SPECIFIER = AIread_AdHoc_Profile;
				SWIFT_EMIT_LOC_STRINGS = YES;
				SWIFT_VERSION = 5.0;
				TARGETED_DEVICE_FAMILY = 1;
			};
			name = Release;
		};
/* End XCBuildConfiguration section */

/* Begin XCConfigurationList section */
		09187AFC27223BD900C3744D /* Build configuration list for PBXProject "AI read" */ = {
			isa = XCConfigurationList;
			buildConfigurations = (
				09187B1327223BDA00C3744D /* Debug */,
				09187B1427223BDA00C3744D /* Release */,
			);
			defaultConfigurationIsVisible = 0;
			defaultConfigurationName = Release;
		};
		09187B1527223BDA00C3744D /* Build configuration list for PBXNativeTarget "AI read" */ = {
			isa = XCConfigurationList;
			buildConfigurations = (
				09187B1627223BDA00C3744D /* Debug */,
				09187B1727223BDA00C3744D /* Release */,
			);
			defaultConfigurationIsVisible = 0;
			defaultConfigurationName = Release;
		};
/* End XCConfigurationList section */
	};
	rootObject = 09187AF927223BD900C3744D /* Project object */;
}
